
Microsoft Visual Studio Solution File, Format Version 12.00
# Visual Studio Version 17
VisualStudioVersion = 17.3.32811.315
MinimumVisualStudioVersion = 10.0.40219.1
Project("{FAE04EC0-301F-11D3-BF4B-00C04F79EFBC}") = "5.Task_1", "5.Task_1.csproj", "{65062CC3-0DEC-4A93-B26F-ABF62710AE6B}"
EndProject
Global
	GlobalSection(SolutionConfigurationPlatforms) = preSolution
		Debug|Any CPU = Debug|Any CPU
		Release|Any CPU = Release|Any CPU
	EndGlobalSection
	GlobalSection(ProjectConfigurationPlatforms) = postSolution
		{65062CC3-0DEC-4A93-B26F-ABF62710AE6B}.Debug|Any CPU.ActiveCfg = Debug|Any CPU
		{65062CC3-0DEC-4A93-B26F-ABF62710AE6B}.Debug|Any CPU.Build.0 = Debug|Any CPU
		{65062CC3-0DEC-4A93-B26F-ABF62710AE6B}.Release|Any CPU.ActiveCfg = Release|Any CPU
		{65062CC3-0DEC-4A93-B26F-ABF62710AE6B}.Release|Any CPU.Build.0 = Release|Any CPU
	EndGlobalSection
	GlobalSection(SolutionProperties) = preSolution
		HideSolutionNode = FALSE
	EndGlobalSection
	GlobalSection(ExtensibilityGlobals) = postSolution
		SolutionGuid = {ECE2EC91-B632-4A98-BB4A-F6FF9BF624FC}
	EndGlobalSection
EndGlobal
